Microsoft Visual Studio Solution File, Format Version 12.00
# Visual Studio Version 17
VisualStudioVersion = 17.0.31903.59
MinimumVisualStudioVersion = 10.0.40219.1
Project("{60DC8134-7447-4BAE-8F96-3F4E9F3B3B0A}") = "LabMaster", "src\LabMaster\LabMaster.csproj", "{B7B7A1B4-4A22-4B39-9D9A-1E5B2A5A6C01}"
EndProject
Global
	GlobalSection(SolutionConfigurationPlatforms) = preSolution
		Debug|Any CPU = Debug|Any CPU
		Release|Any CPU = Release|Any CPU
	EndGlobalSection
	GlobalSection(ProjectConfigurationPlatforms) = postSolution
		{B7B7A1B4-4A22-4B39-9D9A-1E5B2A5A6C01}.Debug|Any CPU.ActiveCfg = Debug|Any CPU
		{B7B7A1B4-4A22-4B39-9D9A-1E5B2A5A6C01}.Debug|Any CPU.Build.0 = Debug|Any CPU
		{B7B7A1B4-4A22-4B39-9D9A-1E5B2A5A6C01}.Release|Any CPU.ActiveCfg = Release|Any CPU
		{B7B7A1B4-4A22-4B39-9D9A-1E5B2A5A6C01}.Release|Any CPU.Build.0 = Release|Any CPU
	EndGlobalSection
EndGlobal
